
Microsoft Visual Studio Solution File, Format Version 12.00
# Visual Studio Version 17
VisualStudioVersion = 17.13.35913.81 d17.13
MinimumVisualStudioVersion = 10.0.40219.1
Project("{FAE04EC0-301F-11D3-BF4B-00C04F79EFBC}") = "MyCalculator", "MyCalculator\MyCalculator.csproj", "{B8778171-49D9-44CC-8513-0BD52701E205}"
EndProject
Global
	GlobalSection(SolutionConfigurationPlatforms) = preSolution
		Debug|Any CPU = Debug|Any CPU
		Release|Any CPU = Release|Any CPU
	EndGlobalSection
	GlobalSection(ProjectConfigurationPlatforms) = postSolution
		{B8778171-49D9-44CC-8513-0BD52701E205}.Debug|Any CPU.ActiveCfg = Debug|Any CPU
		{B8778171-49D9-44CC-8513-0BD52701E205}.Debug|Any CPU.Build.0 = Debug|Any CPU
		{B8778171-49D9-44CC-8513-0BD52701E205}.Release|Any CPU.ActiveCfg = Release|Any CPU
		{B8778171-49D9-44CC-8513-0BD52701E205}.Release|Any CPU.Build.0 = Release|Any CPU
	EndGlobalSection
	GlobalSection(SolutionProperties) = preSolution
		HideSolutionNode = FALSE
	EndGlobalSection
	GlobalSection(ExtensibilityGlobals) = postSolution
		SolutionGuid = {2BFDC91F-5649-4E81-B230-8A92C5F608CD}
	EndGlobalSection
EndGlobal
